// !$*UTF8*$!
{
	archiveVersion = 1;
	classes = {
	};
	objectVersion = 77;
	objects = {

/* Begin PBXBuildFile section */
		0020BEA65B5CB4AFECDCA917 /* PhotosCoreClient.swift in Sources */ = {isa = PBXBuildFile; fileRef = 89AD5885314385A5C5FAA5A8 /* PhotosCoreClient.swift */; };
		02F8DDE00661AEBACB2D9A37 /* PhotoSelectionModel.swift in Sources */ = {isa = PBXBuildFile; fileRef = ECC36AA88795AF34E3072A20 /* PhotoSelectionModel.swift */; };
		0825F1C50486990199C76C50 /* PhotoSelectionModelTests.swift in Sources */ = {isa = PBXBuildFile; fileRef = E8E0A72BB4ED0B2A01AEB8A1 /* PhotoSelectionModelTests.swift */; };
		0CAAE0B56C2B775746CEE2B4 /* SynologyPhotosApp.swift in Sources */ = {isa = PBXBuildFile; fileRef = 1D65797EEE04B6F9658674A2 /* SynologyPhotosApp.swift */; };
		14BEA273EB20B88ABCF7B18D /* LoginViewModelTests.swift in Sources */ = {isa = PBXBuildFile; fileRef = 8667BF98AE3EE89E3D3D1E2A /* LoginViewModelTests.swift */; };
		18A20A3A03F424DFAA8EECAE /* PhotoDragExportTests.swift in Sources */ = {isa = PBXBuildFile; fileRef = CD16534B767D75BABB81D242 /* PhotoDragExportTests.swift */; };
		18CECECE9EEAB167F3D61DBF /* PathMonitorTests.swift in Sources */ = {isa = PBXBuildFile; fileRef = 4FE5C177E3FA3BAFB7092CF5 /* PathMonitorTests.swift */; };
		1B1B1A0B2738D7155B94B2FD /* SearchFilterModel.swift in Sources */ = {isa = PBXBuildFile; fileRef = B22C2E66F8158BA00030C7D8 /* SearchFilterModel.swift */; };
		1B9C503B1691E76C75F5AE70 /* RecentlyDeletedModelTests.swift in Sources */ = {isa = PBXBuildFile; fileRef = 54EAFFFD6B7908F1F0C558AF /* RecentlyDeletedModelTests.swift */; };
		20C709DA59D73EC4AFB5462F /* AuthStateMachine.swift in Sources */ = {isa = PBXBuildFile; fileRef = 40F28C05A900845C4AD4649A /* AuthStateMachine.swift */; };
		22D1BE9FCE8695C6B3994AF0 /* PhotosCore.framework in Embed Frameworks */ = {isa = PBXBuildFile; fileRef = 53B72A98A95BA7BB8F096A38 /* PhotosCore.framework */; settings = {ATTRIBUTES = (CodeSignOnCopy, RemoveHeadersOnCopy, ); }; };
		22F37A1CC8E27E165F8C2B8C /* DetailPagingModel.swift in Sources */ = {isa = PBXBuildFile; fileRef = BB87B9766B67892624647B7D /* DetailPagingModel.swift */; };
		249AE0CD7E87E83C61CC8001 /* PhotosCore.framework in Frameworks */ = {isa = PBXBuildFile; fileRef = 53B72A98A95BA7BB8F096A38 /* PhotosCore.framework */; };
		24CB82A9BBD30EAF8C8C8221 /* RecentlyDeletedModel.swift in Sources */ = {isa = PBXBuildFile; fileRef = A835170953E9904490F46983 /* RecentlyDeletedModel.swift */; };
		24D0A816AC4835369675B6A2 /* FakePhotosCore.swift in Sources */ = {isa = PBXBuildFile; fileRef = 271D63AA455C96290DFEF262 /* FakePhotosCore.swift */; };
		2BBAB8C2D95BF845B1E8691F /* PhotosCoreClientTests.swift in Sources */ = {isa = PBXBuildFile; fileRef = 26622FE9B92A0DFCF2A7EDBE /* PhotosCoreClientTests.swift */; };
		2C288FBBA6E9FC4C4E3AA300 /* AboutInfo.swift in Sources */ = {isa = PBXBuildFile; fileRef = E83E29508146106BE572EE4E /* AboutInfo.swift */; };
		32EB71DB136A38F404D21F6E /* DetailKeyActionTests.swift in Sources */ = {isa = PBXBuildFile; fileRef = E0B9EC3A0740CA414B5E1CE0 /* DetailKeyActionTests.swift */; };
		34BAA55F3126C5D0B2B7289C /* GridKeyActionTests.swift in Sources */ = {isa = PBXBuildFile; fileRef = FBC08BF9E087DFEE34A34C92 /* GridKeyActionTests.swift */; };
		37C315EB053CA2E9B258A359 /* CoreError+Swift.swift in Sources */ = {isa = PBXBuildFile; fileRef = 775FE46E23FB2AF20B3E5442 /* CoreError+Swift.swift */; };
		3AF5BE0D11F2F560F38D7AA8 /* QuickFilterModelTests.swift in Sources */ = {isa = PBXBuildFile; fileRef = 7682538CE9B35D9788EECDE2 /* QuickFilterModelTests.swift */; };
		45E5DCBBDF63BFFA1A2F186F /* DetailPagingModelTests.swift in Sources */ = {isa = PBXBuildFile; fileRef = 59F1BB6F6BF79ADE6403C562 /* DetailPagingModelTests.swift */; };
		48EFD0FE8A0BCD99422F2CC1 /* SidebarItem.swift in Sources */ = {isa = PBXBuildFile; fileRef = 58D01D3F06430B7D20A238E5 /* SidebarItem.swift */; };
		49342E84F94410F6FF29C43D /* GridZoomModelTests.swift in Sources */ = {isa = PBXBuildFile; fileRef = 5C5E25DCDDB5F134220A9E7F /* GridZoomModelTests.swift */; };
		4A102FE0D8B5ED56831E327C /* ImageDownsampleTests.swift in Sources */ = {isa = PBXBuildFile; fileRef = 5261051EEA590BD7268673F8 /* ImageDownsampleTests.swift */; };
		4A9D19E4AA605E800212C508 /* DetailVideoPlayerView.swift in Sources */ = {isa = PBXBuildFile; fileRef = 7054BFA3764B1896AF8A6B21 /* DetailVideoPlayerView.swift */; };
		4EDCB29436B762E43A9D1FD9 /* PhotoDragExport.swift in Sources */ = {isa = PBXBuildFile; fileRef = BBD0CABA27FF76D9A0BF054E /* PhotoDragExport.swift */; };
		529EB56C301B014E76FA7CEE /* SearchFilterModelTests.swift in Sources */ = {isa = PBXBuildFile; fileRef = 49031F3A8BCBF65A3738930E /* SearchFilterModelTests.swift */; };
		53B08BCA15B493B24FBEB737 /* ZoomSliderView.swift in Sources */ = {isa = PBXBuildFile; fileRef = B383D6411BB99C1A23D54C4F /* ZoomSliderView.swift */; };
		559A4CE3AE0FCE63660CB2CE /* KeychainSID.swift in Sources */ = {isa = PBXBuildFile; fileRef = 935811E0F479F10FB1C713F0 /* KeychainSID.swift */; };
		55C7B0D64234966CC0AD8971 /* PhotoGridControllerTests.swift in Sources */ = {isa = PBXBuildFile; fileRef = A24005987A18E578A801F215 /* PhotoGridControllerTests.swift */; };
		577215D87E502C3BB28682C7 /* AboutInfoTests.swift in Sources */ = {isa = PBXBuildFile; fileRef = 9B32E43E3703CB875694B637 /* AboutInfoTests.swift */; };
		5A412877FD01F2FC4261DAE0 /* CrawlProgressModel.swift in Sources */ = {isa = PBXBuildFile; fileRef = 4FA765056488E7A054B60011 /* CrawlProgressModel.swift */; };
		5B707E4A5BF50FD0E9CBBA61 /* GridNavigation.swift in Sources */ = {isa = PBXBuildFile; fileRef = 3E449A40273884351B64A8B8 /* GridNavigation.swift */; };
		5E1804A43F2696A9B01C8EE4 /* LoginPreferences.swift in Sources */ = {isa = PBXBuildFile; fileRef = 804A84AD11D123A39E1E6B09 /* LoginPreferences.swift */; };
		6159312037F2C83346C2E0E6 /* PhotosCore.framework in Frameworks */ = {isa = PBXBuildFile; fileRef = 53B72A98A95BA7BB8F096A38 /* PhotosCore.framework */; };
		61CC623CDC49327F80B4350D /* WindowedDataSourceTests.swift in Sources */ = {isa = PBXBuildFile; fileRef = E196A12DA01B778895850A5D /* WindowedDataSourceTests.swift */; };
		6658C7192B890A51A6210904 /* SidebarSelection.swift in Sources */ = {isa = PBXBuildFile; fileRef = F449EF8CA22C5A332666ABD3 /* SidebarSelection.swift */; };
		66D97B44589E1C9E91BC69FD /* DiscoveryTilesModel.swift in Sources */ = {isa = PBXBuildFile; fileRef = F0B6D9E309B5E02566F5E0FE /* DiscoveryTilesModel.swift */; };
		68B7460CEEA952C493B44CBD /* FilterQuery.swift in Sources */ = {isa = PBXBuildFile; fileRef = 9618494206B3D8C9C8D1DD07 /* FilterQuery.swift */; };
		714748615172F164BE20D4CC /* GridDateSections.swift in Sources */ = {isa = PBXBuildFile; fileRef = 22F97F4945A3A1716BCDBF15 /* GridDateSections.swift */; };
		7181F256F5EEB4EB7E34FF80 /* DetailZoomModel.swift in Sources */ = {isa = PBXBuildFile; fileRef = 9A916BF5C0864E0825725A4A /* DetailZoomModel.swift */; };
		721BE53CAA3551576B98CD33 /* PhotoGridController.swift in Sources */ = {isa = PBXBuildFile; fileRef = A9B1A20932069EDAAD2273F9 /* PhotoGridController.swift */; };
		7435135F98987C66EF634068 /* SidebarItemTests.swift in Sources */ = {isa = PBXBuildFile; fileRef = 51E9C5B96AF099209E7654A2 /* SidebarItemTests.swift */; };
		7A1544430BEC8AB2DB36D464 /* FakePhotosCoreTests.swift in Sources */ = {isa = PBXBuildFile; fileRef = 096746CDFF6A253E76BAF96F /* FakePhotosCoreTests.swift */; };
		7D86191A02CEF2321018FFFD /* GridKeyAction.swift in Sources */ = {isa = PBXBuildFile; fileRef = 810D3F9B5AB534061DBC3FE1 /* GridKeyAction.swift */; };
		7F5D2228537668351F75629F /* DetailQuickLookView.swift in Sources */ = {isa = PBXBuildFile; fileRef = C1BABD02982B5D08ED3601C9 /* DetailQuickLookView.swift */; };
		81E1E0367711A5C5B9873DF9 /* models.swift in Sources */ = {isa = PBXBuildFile; fileRef = 857A71F880766524090BB89F /* models.swift */; };
		8564012B2713C3D67FBAE433 /* SignOutControllerTests.swift in Sources */ = {isa = PBXBuildFile; fileRef = ED40FEE968B41906C8B464D7 /* SignOutControllerTests.swift */; };
		8656CA2D10EC4D2F489CE3E3 /* CertApprovalViewModel.swift in Sources */ = {isa = PBXBuildFile; fileRef = 47572CC4B55567ECBC59B0AE /* CertApprovalViewModel.swift */; };
		868FE374C296372F1C450970 /* DateScrubberView.swift in Sources */ = {isa = PBXBuildFile; fileRef = C75D1D30931D4263736E0D6E /* DateScrubberView.swift */; };
		86DB0E0DF2F5341B0064EF03 /* LoginView.swift in Sources */ = {isa = PBXBuildFile; fileRef = 516C70ED26B5432FC290A9B0 /* LoginView.swift */; };
		87B7884FEC6264C47145DAE7 /* AboutView.swift in Sources */ = {isa = PBXBuildFile; fileRef = E84465BAF841B56DF58EE499 /* AboutView.swift */; };
		8E6AC06CAA7CF3A875BCE82B /* PathMonitor.swift in Sources */ = {isa = PBXBuildFile; fileRef = C4AB2048962505837D9708B9 /* PathMonitor.swift */; };
		912C7859315AA128647C5865 /* DeleteController.swift in Sources */ = {isa = PBXBuildFile; fileRef = 2C144C63E25191E61F49FD9B /* DeleteController.swift */; };
		922C8EB11F7D863637BEC46E /* AssetInfoFormatter.swift in Sources */ = {isa = PBXBuildFile; fileRef = CE8F23F7D2E1C87BC4C8C287 /* AssetInfoFormatter.swift */; };
		94260F0FC0643CE368E6F2FD /* RootView.swift in Sources */ = {isa = PBXBuildFile; fileRef = FF5FC30BA732D8B3CBC757EE /* RootView.swift */; };
		95D528A305471E65390D3F57 /* ImportProgressView.swift in Sources */ = {isa = PBXBuildFile; fileRef = F24E700BE934BC17C20A127A /* ImportProgressView.swift */; };
		97A47CF001D87D84F8F7C2AE /* DateSectionFormatterTests.swift in Sources */ = {isa = PBXBuildFile; fileRef = 6584BDCF8C663451725DB36C /* DateSectionFormatterTests.swift */; };
		9B7E62A39CDAD710563060AD /* DiscoveryTileGridView.swift in Sources */ = {isa = PBXBuildFile; fileRef = FF50C704ABAE92E624DAE426 /* DiscoveryTileGridView.swift */; };
		9DAB76C72D6F90182C84CDF1 /* GitVersion.swift in Sources */ = {isa = PBXBuildFile; fileRef = 3C5E5DC0623F2A3A12A54D91 /* GitVersion.swift */; };
		9EC064131BB27458E2DFD5FE /* RootRouterTests.swift in Sources */ = {isa = PBXBuildFile; fileRef = FD1B1528D3D458F8C696F52A /* RootRouterTests.swift */; };
		A0336627776762D4B7072519 /* ThumbnailCacheTests.swift in Sources */ = {isa = PBXBuildFile; fileRef = C220E6EFABA5E50B72BF6CD9 /* ThumbnailCacheTests.swift */; };
		A1EB8E595E96192495218215 /* DetailZoomModelTests.swift in Sources */ = {isa = PBXBuildFile; fileRef = 48DC21E7E1699CD7AD4A5400 /* DetailZoomModelTests.swift */; };
		A263DC9AA52F72AAD703B803 /* CrawlProgressModelTests.swift in Sources */ = {isa = PBXBuildFile; fileRef = 66AAF71547574AB2C70C51D8 /* CrawlProgressModelTests.swift */; };
		A38AA53D0527EC725635CF7E /* DetailKeyAction.swift in Sources */ = {isa = PBXBuildFile; fileRef = BD3F831E6C476DC369349589 /* DetailKeyAction.swift */; };
		A3F66FB3E9B5904B3250C547 /* SignOutController.swift in Sources */ = {isa = PBXBuildFile; fileRef = 08D6B4D9A2B9E36DA1A58399 /* SignOutController.swift */; };
		A7516BBFB26FE8A4BB8E7C71 /* KeychainSIDTests.swift in Sources */ = {isa = PBXBuildFile; fileRef = EE99F2531E1D21E6A4EFF105 /* KeychainSIDTests.swift */; };
		A761D411E8F16EF7E0139F37 /* Assets.xcassets in Resources */ = {isa = PBXBuildFile; fileRef = 8FB877BDAFA0CCD4FB422FB8 /* Assets.xcassets */; };
		A7A72C7D31845839A0601251 /* PhotoCellView.swift in Sources */ = {isa = PBXBuildFile; fileRef = 8FE6EEC887786D958567A7A5 /* PhotoCellView.swift */; };
		AA6D030A3FB6D6E1686E94AD /* ThumbnailCache.swift in Sources */ = {isa = PBXBuildFile; fileRef = C5A3AD8613F314C51F3D8B05 /* ThumbnailCache.swift */; };
		AEFC5CDDB5DA08D705AA310E /* DateSectionHeaderView.swift in Sources */ = {isa = PBXBuildFile; fileRef = 17A82A3CFA2887C73CB1D530 /* DateSectionHeaderView.swift */; };
		AF9D611DD72060B0A806A94C /* RecentlyDeletedView.swift in Sources */ = {isa = PBXBuildFile; fileRef = A186D12EB472CF95DA656C88 /* RecentlyDeletedView.swift */; };
		AF9DE0C2B16209D160674C59 /* QuickFilterModel.swift in Sources */ = {isa = PBXBuildFile; fileRef = 579E3F08EF4B6D06583FC8B8 /* QuickFilterModel.swift */; };
		AFD9BAEB7A9F3570D0DD396E /* DiscoveryTile.swift in Sources */ = {isa = PBXBuildFile; fileRef = F8EC346BF2A19118203B197A /* DiscoveryTile.swift */; };
		B134008E092B23F8AAF88C33 /* PhotosCoreLinkSmokeUITests.swift in Sources */ = {isa = PBXBuildFile; fileRef = 963BFD800ADD8A86EE152301 /* PhotosCoreLinkSmokeUITests.swift */; };
		B4C757FA589B8EF1BAA728BA /* DiscoveryTilesModelTests.swift in Sources */ = {isa = PBXBuildFile; fileRef = A8BA18DE37FF0F3B8947CFA7 /* DiscoveryTilesModelTests.swift */; };
		B7AB89D9B89D6FA8D4BD0743 /* PhotoGridView.swift in Sources */ = {isa = PBXBuildFile; fileRef = 2A06C5754F8669A8D883CA53 /* PhotoGridView.swift */; };
		BCB21063765E6F5A0842D854 /* AuthStateMachineTests.swift in Sources */ = {isa = PBXBuildFile; fileRef = 1EF3205B25839B5C3B86CE9E /* AuthStateMachineTests.swift */; };
		C12297CAEF14C651DA110826 /* DiscoveryCoverCache.swift in Sources */ = {isa = PBXBuildFile; fileRef = 69F68D25C32F775956648EF0 /* DiscoveryCoverCache.swift */; };
		C1CA47191C1539BD4AD6E670 /* SearchFilterBarView.swift in Sources */ = {isa = PBXBuildFile; fileRef = EB3F99A1E3E339235D154703 /* SearchFilterBarView.swift */; };
		C3BC073AC8C193F9DA1A7DA5 /* GridZoomModel.swift in Sources */ = {isa = PBXBuildFile; fileRef = 99DAD0641E501BF3262C208F /* GridZoomModel.swift */; };
		C55CE7B0CC7FFF07D7CCABA4 /* PhotosCore.swift in Sources */ = {isa = PBXBuildFile; fileRef = 32261FB0D2010F3CDA46C270 /* PhotosCore.swift */; };
		C72304EA5C01DEDC6BF2188D /* DeleteControllerTests.swift in Sources */ = {isa = PBXBuildFile; fileRef = FA036309E0A1E4B0B947CD4C /* DeleteControllerTests.swift */; };
		CC6D77248580CE50A4C86747 /* SpaceToggle.swift in Sources */ = {isa = PBXBuildFile; fileRef = D47EE427A3E9626140AF79FE /* SpaceToggle.swift */; };
		CCADB18E2CA7EEE7B9375C23 /* TempCacheTests.swift in Sources */ = {isa = PBXBuildFile; fileRef = 61C8C541A89432E18AE11C26 /* TempCacheTests.swift */; };
		D05DC7233D5407CBDFBEF995 /* PhotoGridSectioningTests.swift in Sources */ = {isa = PBXBuildFile; fileRef = 8CF3E95C19E38AF8CB9E5E94 /* PhotoGridSectioningTests.swift */; };
		D28B4EA5BCBE0BD4E371B0AE /* PhotosCore.framework in Frameworks */ = {isa = PBXBuildFile; fileRef = 53B72A98A95BA7BB8F096A38 /* PhotosCore.framework */; };
		D4A6E76354810B204664D364 /* QuickFilterBarView.swift in Sources */ = {isa = PBXBuildFile; fileRef = D3514BE05051091CC8C9EA62 /* QuickFilterBarView.swift */; };
		D6FB7A30E06BBD83C545E601 /* SidebarView.swift in Sources */ = {isa = PBXBuildFile; fileRef = F0B0A4D1B27EC5396E257724 /* SidebarView.swift */; };
		E8936FC2A8E25821FDA0ED64 /* ImageDownsample.swift in Sources */ = {isa = PBXBuildFile; fileRef = E3B5A556BC6D75D787EC6353 /* ImageDownsample.swift */; };
		E8F637EAF875CC7E53D219B4 /* DiscoveryTileTests.swift in Sources */ = {isa = PBXBuildFile; fileRef = 4C2AE4FDB73A0F3C890F411E /* DiscoveryTileTests.swift */; };
		E9C3CC39D016BC571DD0B864 /* AssetTestFixture.swift in Sources */ = {isa = PBXBuildFile; fileRef = 080D30CD1C34025651719CFC /* AssetTestFixture.swift */; };
		EA884F70294FA80457254F90 /* EmptyLibraryView.swift in Sources */ = {isa = PBXBuildFile; fileRef = D2AA11CEC5270A0AB58CE575 /* EmptyLibraryView.swift */; };
		EE3AE0B10B309928F5FD360F /* DetailVideoPlayerViewTests.swift in Sources */ = {isa = PBXBuildFile; fileRef = 271B14DD1E9AA0D7D465F877 /* DetailVideoPlayerViewTests.swift */; };
		F06F24C5903CADBB0E2CF0E0 /* AssetInfoFormatterTests.swift in Sources */ = {isa = PBXBuildFile; fileRef = 21B73ADCAA1B227B90E3B1AA /* AssetInfoFormatterTests.swift */; };
		F3DF81EDC7A33D114986BE0D /* CoreBridgeSmokeTests.swift in Sources */ = {isa = PBXBuildFile; fileRef = 7BC23B90C9A5CE38EEA816EA /* CoreBridgeSmokeTests.swift */; };
		F5A96C3F7F659B66F7DE3911 /* GridDateSectionsTests.swift in Sources */ = {isa = PBXBuildFile; fileRef = 9ED7BE589F9EAC160E9D5CF2 /* GridDateSectionsTests.swift */; };
		F6E0B0C7401716BE5DF838C4 /* WindowedDataSource.swift in Sources */ = {isa = PBXBuildFile; fileRef = DA8A7EB2843B1889B47AA6DA /* WindowedDataSource.swift */; };
		F96DBEA44C5C1026B35AA13B /* SpaceToggleTests.swift in Sources */ = {isa = PBXBuildFile; fileRef = 943F182991480AA732E73857 /* SpaceToggleTests.swift */; };
/* End PBXBuildFile section */

/* Begin PBXContainerItemProxy section */
		04AE6FE6D8AB4DA6A4C1D2B1 /* PBXContainerItemProxy */ = {
			isa = PBXContainerItemProxy;
			containerPortal = 24B8101E6F1D4E0E8EECA08C /* Project object */;
			proxyType = 1;
			remoteGlobalIDString = BC07A7F7541E137012CC5D87;
			remoteInfo = SynologyPhotos;
		};
		6D05C10D0C06F4D9A859CF63 /* PBXContainerItemProxy */ = {
			isa = PBXContainerItemProxy;
			containerPortal = 24B8101E6F1D4E0E8EECA08C /* Project object */;
			proxyType = 1;
			remoteGlobalIDString = 7F407C9B8D433D5104E6977A;
			remoteInfo = PhotosCore;
		};
		81B70C62B8212A93CE572D80 /* PBXContainerItemProxy */ = {
			isa = PBXContainerItemProxy;
			containerPortal = 24B8101E6F1D4E0E8EECA08C /* Project object */;
			proxyType = 1;
			remoteGlobalIDString = BC07A7F7541E137012CC5D87;
			remoteInfo = SynologyPhotos;
		};
		A34BA4AC952102BE56A1E970 /* PBXContainerItemProxy */ = {
			isa = PBXContainerItemProxy;
			containerPortal = 24B8101E6F1D4E0E8EECA08C /* Project object */;
			proxyType = 1;
			remoteGlobalIDString = 7F407C9B8D433D5104E6977A;
			remoteInfo = PhotosCore;
		};
		CE34357C8D57C010D692EE63 /* PBXContainerItemProxy */ = {
			isa = PBXContainerItemProxy;
			containerPortal = 24B8101E6F1D4E0E8EECA08C /* Project object */;
			proxyType = 1;
			remoteGlobalIDString = 7F407C9B8D433D5104E6977A;
			remoteInfo = PhotosCore;
		};
/* End PBXContainerItemProxy section */

/* Begin PBXCopyFilesBuildPhase section */
		82404F8488A5D6F5B8AAC51F /* Embed Frameworks */ = {
			isa = PBXCopyFilesBuildPhase;
			buildActionMask = 2147483647;
			dstPath = "";
			dstSubfolderSpec = 10;
			files = (
				22D1BE9FCE8695C6B3994AF0 /* PhotosCore.framework in Embed Frameworks */,
			);
			name = "Embed Frameworks";
			runOnlyForDeploymentPostprocessing = 0;
		};
/* End PBXCopyFilesBuildPhase section */

/* Begin PBXFileReference section */
		080D30CD1C34025651719CFC /* AssetTestFixture.swift */ = {isa = PBXFileReference; lastKnownFileType = sourcecode.swift; path = AssetTestFixture.swift; sourceTree = "<group>"; };
		08D6B4D9A2B9E36DA1A58399 /* SignOutController.swift */ = {isa = PBXFileReference; lastKnownFileType = sourcecode.swift; path = SignOutController.swift; sourceTree = "<group>"; };
		096746CDFF6A253E76BAF96F /* FakePhotosCoreTests.swift */ = {isa = PBXFileReference; lastKnownFileType = sourcecode.swift; path = FakePhotosCoreTests.swift; sourceTree = "<group>"; };
		148A77DD8DD39D08CECC497B /* SynologyPhotosUITests.xctest */ = {isa = PBXFileReference; explicitFileType = wrapper.cfbundle; includeInIndex = 0; path = SynologyPhotosUITests.xctest; sourceTree = BUILT_PRODUCTS_DIR; };
		17A82A3CFA2887C73CB1D530 /* DateSectionHeaderView.swift */ = {isa = PBXFileReference; lastKnownFileType = sourcecode.swift; path = DateSectionHeaderView.swift; sourceTree = "<group>"; };
		19BBC4E1F7A1058D8DB5711F /* .gitkeep */ = {isa = PBXFileReference; path = .gitkeep; sourceTree = "<group>"; };
		1D65797EEE04B6F9658674A2 /* SynologyPhotosApp.swift */ = {isa = PBXFileReference; lastKnownFileType = sourcecode.swift; path = SynologyPhotosApp.swift; sourceTree = "<group>"; };
		1EF3205B25839B5C3B86CE9E /* AuthStateMachineTests.swift */ = {isa = PBXFileReference; lastKnownFileType = sourcecode.swift; path = AuthStateMachineTests.swift; sourceTree = "<group>"; };
		21B73ADCAA1B227B90E3B1AA /* AssetInfoFormatterTests.swift */ = {isa = PBXFileReference; lastKnownFileType = sourcecode.swift; path = AssetInfoFormatterTests.swift; sourceTree = "<group>"; };
		22F97F4945A3A1716BCDBF15 /* GridDateSections.swift */ = {isa = PBXFileReference; lastKnownFileType = sourcecode.swift; path = GridDateSections.swift; sourceTree = "<group>"; };
		26622FE9B92A0DFCF2A7EDBE /* PhotosCoreClientTests.swift */ = {isa = PBXFileReference; lastKnownFileType = sourcecode.swift; path = PhotosCoreClientTests.swift; sourceTree = "<group>"; };
		271B14DD1E9AA0D7D465F877 /* DetailVideoPlayerViewTests.swift */ = {isa = PBXFileReference; lastKnownFileType = sourcecode.swift; path = DetailVideoPlayerViewTests.swift; sourceTree = "<group>"; };
		271D63AA455C96290DFEF262 /* FakePhotosCore.swift */ = {isa = PBXFileReference; lastKnownFileType = sourcecode.swift; path = FakePhotosCore.swift; sourceTree = "<group>"; };
		2A06C5754F8669A8D883CA53 /* PhotoGridView.swift */ = {isa = PBXFileReference; lastKnownFileType = sourcecode.swift; path = PhotoGridView.swift; sourceTree = "<group>"; };
		2C144C63E25191E61F49FD9B /* DeleteController.swift */ = {isa = PBXFileReference; lastKnownFileType = sourcecode.swift; path = DeleteController.swift; sourceTree = "<group>"; };
		31BC99794475619316AE36D9 /* SynologyPhotosTests.xctest */ = {isa = PBXFileReference; explicitFileType = wrapper.cfbundle; includeInIndex = 0; path = SynologyPhotosTests.xctest; sourceTree = BUILT_PRODUCTS_DIR; };
		32261FB0D2010F3CDA46C270 /* PhotosCore.swift */ = {isa = PBXFileReference; lastKnownFileType = sourcecode.swift; name = PhotosCore.swift; path = ../../bindings/PhotosCore.swift; sourceTree = "<group>"; };
		3C5E5DC0623F2A3A12A54D91 /* GitVersion.swift */ = {isa = PBXFileReference; lastKnownFileType = sourcecode.swift; path = GitVersion.swift; sourceTree = "<group>"; };
		3E449A40273884351B64A8B8 /* GridNavigation.swift */ = {isa = PBXFileReference; lastKnownFileType = sourcecode.swift; path = GridNavigation.swift; sourceTree = "<group>"; };
		40F28C05A900845C4AD4649A /* AuthStateMachine.swift */ = {isa = PBXFileReference; lastKnownFileType = sourcecode.swift; path = AuthStateMachine.swift; sourceTree = "<group>"; };
		47572CC4B55567ECBC59B0AE /* CertApprovalViewModel.swift */ = {isa = PBXFileReference; lastKnownFileType = sourcecode.swift; path = CertApprovalViewModel.swift; sourceTree = "<group>"; };
		48DC21E7E1699CD7AD4A5400 /* DetailZoomModelTests.swift */ = {isa = PBXFileReference; lastKnownFileType = sourcecode.swift; path = DetailZoomModelTests.swift; sourceTree = "<group>"; };
		49031F3A8BCBF65A3738930E /* SearchFilterModelTests.swift */ = {isa = PBXFileReference; lastKnownFileType = sourcecode.swift; path = SearchFilterModelTests.swift; sourceTree = "<group>"; };
		4C2AE4FDB73A0F3C890F411E /* DiscoveryTileTests.swift */ = {isa = PBXFileReference; lastKnownFileType = sourcecode.swift; path = DiscoveryTileTests.swift; sourceTree = "<group>"; };
		4FA765056488E7A054B60011 /* CrawlProgressModel.swift */ = {isa = PBXFileReference; lastKnownFileType = sourcecode.swift; path = CrawlProgressModel.swift; sourceTree = "<group>"; };
		4FE5C177E3FA3BAFB7092CF5 /* PathMonitorTests.swift */ = {isa = PBXFileReference; lastKnownFileType = sourcecode.swift; path = PathMonitorTests.swift; sourceTree = "<group>"; };
		516C70ED26B5432FC290A9B0 /* LoginView.swift */ = {isa = PBXFileReference; lastKnownFileType = sourcecode.swift; path = LoginView.swift; sourceTree = "<group>"; };
		51E9C5B96AF099209E7654A2 /* SidebarItemTests.swift */ = {isa = PBXFileReference; lastKnownFileType = sourcecode.swift; path = SidebarItemTests.swift; sourceTree = "<group>"; };
		5261051EEA590BD7268673F8 /* ImageDownsampleTests.swift */ = {isa = PBXFileReference; lastKnownFileType = sourcecode.swift; path = ImageDownsampleTests.swift; sourceTree = "<group>"; };
		53B72A98A95BA7BB8F096A38 /* PhotosCore.framework */ = {isa = PBXFileReference; explicitFileType = wrapper.framework; includeInIndex = 0; path = PhotosCore.framework; sourceTree = BUILT_PRODUCTS_DIR; };
		54EAFFFD6B7908F1F0C558AF /* RecentlyDeletedModelTests.swift */ = {isa = PBXFileReference; lastKnownFileType = sourcecode.swift; path = RecentlyDeletedModelTests.swift; sourceTree = "<group>"; };
		579E3F08EF4B6D06583FC8B8 /* QuickFilterModel.swift */ = {isa = PBXFileReference; lastKnownFileType = sourcecode.swift; path = QuickFilterModel.swift; sourceTree = "<group>"; };
		58D01D3F06430B7D20A238E5 /* SidebarItem.swift */ = {isa = PBXFileReference; lastKnownFileType = sourcecode.swift; path = SidebarItem.swift; sourceTree = "<group>"; };
		59F1BB6F6BF79ADE6403C562 /* DetailPagingModelTests.swift */ = {isa = PBXFileReference; lastKnownFileType = sourcecode.swift; path = DetailPagingModelTests.swift; sourceTree = "<group>"; };
		5C5E25DCDDB5F134220A9E7F /* GridZoomModelTests.swift */ = {isa = PBXFileReference; lastKnownFileType = sourcecode.swift; path = GridZoomModelTests.swift; sourceTree = "<group>"; };
		61C8C541A89432E18AE11C26 /* TempCacheTests.swift */ = {isa = PBXFileReference; lastKnownFileType = sourcecode.swift; path = TempCacheTests.swift; sourceTree = "<group>"; };
		6584BDCF8C663451725DB36C /* DateSectionFormatterTests.swift */ = {isa = PBXFileReference; lastKnownFileType = sourcecode.swift; path = DateSectionFormatterTests.swift; sourceTree = "<group>"; };
		66AAF71547574AB2C70C51D8 /* CrawlProgressModelTests.swift */ = {isa = PBXFileReference; lastKnownFileType = sourcecode.swift; path = CrawlProgressModelTests.swift; sourceTree = "<group>"; };
		69F68D25C32F775956648EF0 /* DiscoveryCoverCache.swift */ = {isa = PBXFileReference; lastKnownFileType = sourcecode.swift; path = DiscoveryCoverCache.swift; sourceTree = "<group>"; };
		7054BFA3764B1896AF8A6B21 /* DetailVideoPlayerView.swift */ = {isa = PBXFileReference; lastKnownFileType = sourcecode.swift; path = DetailVideoPlayerView.swift; sourceTree = "<group>"; };
		7657EE2CDC6D87A89FDA33A8 /* SynologyPhotos.app */ = {isa = PBXFileReference; explicitFileType = wrapper.application; includeInIndex = 0; path = SynologyPhotos.app; sourceTree = BUILT_PRODUCTS_DIR; };
		7682538CE9B35D9788EECDE2 /* QuickFilterModelTests.swift */ = {isa = PBXFileReference; lastKnownFileType = sourcecode.swift; path = QuickFilterModelTests.swift; sourceTree = "<group>"; };
		775FE46E23FB2AF20B3E5442 /* CoreError+Swift.swift */ = {isa = PBXFileReference; lastKnownFileType = sourcecode.swift; path = "CoreError+Swift.swift"; sourceTree = "<group>"; };
		7BC23B90C9A5CE38EEA816EA /* CoreBridgeSmokeTests.swift */ = {isa = PBXFileReference; lastKnownFileType = sourcecode.swift; path = CoreBridgeSmokeTests.swift; sourceTree = "<group>"; };
		804A84AD11D123A39E1E6B09 /* LoginPreferences.swift */ = {isa = PBXFileReference; lastKnownFileType = sourcecode.swift; path = LoginPreferences.swift; sourceTree = "<group>"; };
		810D3F9B5AB534061DBC3FE1 /* GridKeyAction.swift */ = {isa = PBXFileReference; lastKnownFileType = sourcecode.swift; path = GridKeyAction.swift; sourceTree = "<group>"; };
		857A71F880766524090BB89F /* models.swift */ = {isa = PBXFileReference; lastKnownFileType = sourcecode.swift; name = models.swift; path = ../../bindings/models.swift; sourceTree = "<group>"; };
		8667BF98AE3EE89E3D3D1E2A /* LoginViewModelTests.swift */ = {isa = PBXFileReference; lastKnownFileType = sourcecode.swift; path = LoginViewModelTests.swift; sourceTree = "<group>"; };
		89AD5885314385A5C5FAA5A8 /* PhotosCoreClient.swift */ = {isa = PBXFileReference; lastKnownFileType = sourcecode.swift; path = PhotosCoreClient.swift; sourceTree = "<group>"; };
		8CF3E95C19E38AF8CB9E5E94 /* PhotoGridSectioningTests.swift */ = {isa = PBXFileReference; lastKnownFileType = sourcecode.swift; path = PhotoGridSectioningTests.swift; sourceTree = "<group>"; };
		8FB877BDAFA0CCD4FB422FB8 /* Assets.xcassets */ = {isa = PBXFileReference; lastKnownFileType = folder.assetcatalog; path = Assets.xcassets; sourceTree = "<group>"; };
		8FE6EEC887786D958567A7A5 /* PhotoCellView.swift */ = {isa = PBXFileReference; lastKnownFileType = sourcecode.swift; path = PhotoCellView.swift; sourceTree = "<group>"; };
		935811E0F479F10FB1C713F0 /* KeychainSID.swift */ = {isa = PBXFileReference; lastKnownFileType = sourcecode.swift; path = KeychainSID.swift; sourceTree = "<group>"; };
		943F182991480AA732E73857 /* SpaceToggleTests.swift */ = {isa = PBXFileReference; lastKnownFileType = sourcecode.swift; path = SpaceToggleTests.swift; sourceTree = "<group>"; };
		9618494206B3D8C9C8D1DD07 /* FilterQuery.swift */ = {isa = PBXFileReference; lastKnownFileType = sourcecode.swift; path = FilterQuery.swift; sourceTree = "<group>"; };
		963BFD800ADD8A86EE152301 /* PhotosCoreLinkSmokeUITests.swift */ = {isa = PBXFileReference; lastKnownFileType = sourcecode.swift; path = PhotosCoreLinkSmokeUITests.swift; sourceTree = "<group>"; };
		99DAD0641E501BF3262C208F /* GridZoomModel.swift */ = {isa = PBXFileReference; lastKnownFileType = sourcecode.swift; path = GridZoomModel.swift; sourceTree = "<group>"; };
		9A916BF5C0864E0825725A4A /* DetailZoomModel.swift */ = {isa = PBXFileReference; lastKnownFileType = sourcecode.swift; path = DetailZoomModel.swift; sourceTree = "<group>"; };
		9B32E43E3703CB875694B637 /* AboutInfoTests.swift */ = {isa = PBXFileReference; lastKnownFileType = sourcecode.swift; path = AboutInfoTests.swift; sourceTree = "<group>"; };
		9ED7BE589F9EAC160E9D5CF2 /* GridDateSectionsTests.swift */ = {isa = PBXFileReference; lastKnownFileType = sourcecode.swift; path = GridDateSectionsTests.swift; sourceTree = "<group>"; };
		A186D12EB472CF95DA656C88 /* RecentlyDeletedView.swift */ = {isa = PBXFileReference; lastKnownFileType = sourcecode.swift; path = RecentlyDeletedView.swift; sourceTree = "<group>"; };
		A24005987A18E578A801F215 /* PhotoGridControllerTests.swift */ = {isa = PBXFileReference; lastKnownFileType = sourcecode.swift; path = PhotoGridControllerTests.swift; sourceTree = "<group>"; };
		A835170953E9904490F46983 /* RecentlyDeletedModel.swift */ = {isa = PBXFileReference; lastKnownFileType = sourcecode.swift; path = RecentlyDeletedModel.swift; sourceTree = "<group>"; };
		A8BA18DE37FF0F3B8947CFA7 /* DiscoveryTilesModelTests.swift */ = {isa = PBXFileReference; lastKnownFileType = sourcecode.swift; path = DiscoveryTilesModelTests.swift; sourceTree = "<group>"; };
		A9B1A20932069EDAAD2273F9 /* PhotoGridController.swift */ = {isa = PBXFileReference; lastKnownFileType = sourcecode.swift; path = PhotoGridController.swift; sourceTree = "<group>"; };
		B22C2E66F8158BA00030C7D8 /* SearchFilterModel.swift */ = {isa = PBXFileReference; lastKnownFileType = sourcecode.swift; path = SearchFilterModel.swift; sourceTree = "<group>"; };
		B383D6411BB99C1A23D54C4F /* ZoomSliderView.swift */ = {isa = PBXFileReference; lastKnownFileType = sourcecode.swift; path = ZoomSliderView.swift; sourceTree = "<group>"; };
		BB87B9766B67892624647B7D /* DetailPagingModel.swift */ = {isa = PBXFileReference; lastKnownFileType = sourcecode.swift; path = DetailPagingModel.swift; sourceTree = "<group>"; };
		BBD0CABA27FF76D9A0BF054E /* PhotoDragExport.swift */ = {isa = PBXFileReference; lastKnownFileType = sourcecode.swift; path = PhotoDragExport.swift; sourceTree = "<group>"; };
		BD3F831E6C476DC369349589 /* DetailKeyAction.swift */ = {isa = PBXFileReference; lastKnownFileType = sourcecode.swift; path = DetailKeyAction.swift; sourceTree = "<group>"; };
		C1BABD02982B5D08ED3601C9 /* DetailQuickLookView.swift */ = {isa = PBXFileReference; lastKnownFileType = sourcecode.swift; path = DetailQuickLookView.swift; sourceTree = "<group>"; };
		C220E6EFABA5E50B72BF6CD9 /* ThumbnailCacheTests.swift */ = {isa = PBXFileReference; lastKnownFileType = sourcecode.swift; path = ThumbnailCacheTests.swift; sourceTree = "<group>"; };
		C4AB2048962505837D9708B9 /* PathMonitor.swift */ = {isa = PBXFileReference; lastKnownFileType = sourcecode.swift; path = PathMonitor.swift; sourceTree = "<group>"; };
		C5A3AD8613F314C51F3D8B05 /* ThumbnailCache.swift */ = {isa = PBXFileReference; lastKnownFileType = sourcecode.swift; path = ThumbnailCache.swift; sourceTree = "<group>"; };
		C75D1D30931D4263736E0D6E /* DateScrubberView.swift */ = {isa = PBXFileReference; lastKnownFileType = sourcecode.swift; path = DateScrubberView.swift; sourceTree = "<group>"; };
		CD16534B767D75BABB81D242 /* PhotoDragExportTests.swift */ = {isa = PBXFileReference; lastKnownFileType = sourcecode.swift; path = PhotoDragExportTests.swift; sourceTree = "<group>"; };
		CE8F23F7D2E1C87BC4C8C287 /* AssetInfoFormatter.swift */ = {isa = PBXFileReference; lastKnownFileType = sourcecode.swift; path = AssetInfoFormatter.swift; sourceTree = "<group>"; };
		D2AA11CEC5270A0AB58CE575 /* EmptyLibraryView.swift */ = {isa = PBXFileReference; lastKnownFileType = sourcecode.swift; path = EmptyLibraryView.swift; sourceTree = "<group>"; };
		D3514BE05051091CC8C9EA62 /* QuickFilterBarView.swift */ = {isa = PBXFileReference; lastKnownFileType = sourcecode.swift; path = QuickFilterBarView.swift; sourceTree = "<group>"; };
		D47EE427A3E9626140AF79FE /* SpaceToggle.swift */ = {isa = PBXFileReference; lastKnownFileType = sourcecode.swift; path = SpaceToggle.swift; sourceTree = "<group>"; };
		DA8A7EB2843B1889B47AA6DA /* WindowedDataSource.swift */ = {isa = PBXFileReference; lastKnownFileType = sourcecode.swift; path = WindowedDataSource.swift; sourceTree = "<group>"; };
		E0B9EC3A0740CA414B5E1CE0 /* DetailKeyActionTests.swift */ = {isa = PBXFileReference; lastKnownFileType = sourcecode.swift; path = DetailKeyActionTests.swift; sourceTree = "<group>"; };
		E196A12DA01B778895850A5D /* WindowedDataSourceTests.swift */ = {isa = PBXFileReference; lastKnownFileType = sourcecode.swift; path = WindowedDataSourceTests.swift; sourceTree = "<group>"; };
		E3B5A556BC6D75D787EC6353 /* ImageDownsample.swift */ = {isa = PBXFileReference; lastKnownFileType = sourcecode.swift; path = ImageDownsample.swift; sourceTree = "<group>"; };
		E83E29508146106BE572EE4E /* AboutInfo.swift */ = {isa = PBXFileReference; lastKnownFileType = sourcecode.swift; path = AboutInfo.swift; sourceTree = "<group>"; };
		E84465BAF841B56DF58EE499 /* AboutView.swift */ = {isa = PBXFileReference; lastKnownFileType = sourcecode.swift; path = AboutView.swift; sourceTree = "<group>"; };
		E8E0A72BB4ED0B2A01AEB8A1 /* PhotoSelectionModelTests.swift */ = {isa = PBXFileReference; lastKnownFileType = sourcecode.swift; path = PhotoSelectionModelTests.swift; sourceTree = "<group>"; };
		EB3F99A1E3E339235D154703 /* SearchFilterBarView.swift */ = {isa = PBXFileReference; lastKnownFileType = sourcecode.swift; path = SearchFilterBarView.swift; sourceTree = "<group>"; };
		ECC36AA88795AF34E3072A20 /* PhotoSelectionModel.swift */ = {isa = PBXFileReference; lastKnownFileType = sourcecode.swift; path = PhotoSelectionModel.swift; sourceTree = "<group>"; };
		ED40FEE968B41906C8B464D7 /* SignOutControllerTests.swift */ = {isa = PBXFileReference; lastKnownFileType = sourcecode.swift; path = SignOutControllerTests.swift; sourceTree = "<group>"; };
		EE99F2531E1D21E6A4EFF105 /* KeychainSIDTests.swift */ = {isa = PBXFileReference; lastKnownFileType = sourcecode.swift; path = KeychainSIDTests.swift; sourceTree = "<group>"; };
		F0B0A4D1B27EC5396E257724 /* SidebarView.swift */ = {isa = PBXFileReference; lastKnownFileType = sourcecode.swift; path = SidebarView.swift; sourceTree = "<group>"; };
		F0B6D9E309B5E02566F5E0FE /* DiscoveryTilesModel.swift */ = {isa = PBXFileReference; lastKnownFileType = sourcecode.swift; path = DiscoveryTilesModel.swift; sourceTree = "<group>"; };
		F24E700BE934BC17C20A127A /* ImportProgressView.swift */ = {isa = PBXFileReference; lastKnownFileType = sourcecode.swift; path = ImportProgressView.swift; sourceTree = "<group>"; };
		F449EF8CA22C5A332666ABD3 /* SidebarSelection.swift */ = {isa = PBXFileReference; lastKnownFileType = sourcecode.swift; path = SidebarSelection.swift; sourceTree = "<group>"; };
		F8EC346BF2A19118203B197A /* DiscoveryTile.swift */ = {isa = PBXFileReference; lastKnownFileType = sourcecode.swift; path = DiscoveryTile.swift; sourceTree = "<group>"; };
		FA036309E0A1E4B0B947CD4C /* DeleteControllerTests.swift */ = {isa = PBXFileReference; lastKnownFileType = sourcecode.swift; path = DeleteControllerTests.swift; sourceTree = "<group>"; };
		FBC08BF9E087DFEE34A34C92 /* GridKeyActionTests.swift */ = {isa = PBXFileReference; lastKnownFileType = sourcecode.swift; path = GridKeyActionTests.swift; sourceTree = "<group>"; };
		FD1B1528D3D458F8C696F52A /* RootRouterTests.swift */ = {isa = PBXFileReference; lastKnownFileType = sourcecode.swift; path = RootRouterTests.swift; sourceTree = "<group>"; };
		FF50C704ABAE92E624DAE426 /* DiscoveryTileGridView.swift */ = {isa = PBXFileReference; lastKnownFileType = sourcecode.swift; path = DiscoveryTileGridView.swift; sourceTree = "<group>"; };
		FF5FC30BA732D8B3CBC757EE /* RootView.swift */ = {isa = PBXFileReference; lastKnownFileType = sourcecode.swift; path = RootView.swift; sourceTree = "<group>"; };
/* End PBXFileReference section */

/* Begin PBXFrameworksBuildPhase section */
		81268E7672CE74519FE8BCA4 /* Frameworks */ = {
			isa = PBXFrameworksBuildPhase;
			buildActionMask = 2147483647;
			files = (
				D28B4EA5BCBE0BD4E371B0AE /* PhotosCore.framework in Frameworks */,
			);
			runOnlyForDeploymentPostprocessing = 0;
		};
		9F451AEF78634895B6BE842B /* Frameworks */ = {
			isa = PBXFrameworksBuildPhase;
			buildActionMask = 2147483647;
			files = (
				6159312037F2C83346C2E0E6 /* PhotosCore.framework in Frameworks */,
			);
			runOnlyForDeploymentPostprocessing = 0;
		};
		CB77206029754490C8A88D9F /* Frameworks */ = {
			isa = PBXFrameworksBuildPhase;
			buildActionMask = 2147483647;
			files = (
				249AE0CD7E87E83C61CC8001 /* PhotosCore.framework in Frameworks */,
			);
			runOnlyForDeploymentPostprocessing = 0;
		};
/* End PBXFrameworksBuildPhase section */

/* Begin PBXGroup section */
		00105CDAEC72D08D1B927A56 /* SynologyPhotosTests */ = {
			isa = PBXGroup;
			children = (
				9B32E43E3703CB875694B637 /* AboutInfoTests.swift */,
				21B73ADCAA1B227B90E3B1AA /* AssetInfoFormatterTests.swift */,
				080D30CD1C34025651719CFC /* AssetTestFixture.swift */,
				1EF3205B25839B5C3B86CE9E /* AuthStateMachineTests.swift */,
				7BC23B90C9A5CE38EEA816EA /* CoreBridgeSmokeTests.swift */,
				66AAF71547574AB2C70C51D8 /* CrawlProgressModelTests.swift */,
				6584BDCF8C663451725DB36C /* DateSectionFormatterTests.swift */,
				FA036309E0A1E4B0B947CD4C /* DeleteControllerTests.swift */,
				E0B9EC3A0740CA414B5E1CE0 /* DetailKeyActionTests.swift */,
				59F1BB6F6BF79ADE6403C562 /* DetailPagingModelTests.swift */,
				271B14DD1E9AA0D7D465F877 /* DetailVideoPlayerViewTests.swift */,
				48DC21E7E1699CD7AD4A5400 /* DetailZoomModelTests.swift */,
				A8BA18DE37FF0F3B8947CFA7 /* DiscoveryTilesModelTests.swift */,
				4C2AE4FDB73A0F3C890F411E /* DiscoveryTileTests.swift */,
				271D63AA455C96290DFEF262 /* FakePhotosCore.swift */,
				096746CDFF6A253E76BAF96F /* FakePhotosCoreTests.swift */,
				9ED7BE589F9EAC160E9D5CF2 /* GridDateSectionsTests.swift */,
				FBC08BF9E087DFEE34A34C92 /* GridKeyActionTests.swift */,
				5C5E25DCDDB5F134220A9E7F /* GridZoomModelTests.swift */,
				5261051EEA590BD7268673F8 /* ImageDownsampleTests.swift */,
				EE99F2531E1D21E6A4EFF105 /* KeychainSIDTests.swift */,
				8667BF98AE3EE89E3D3D1E2A /* LoginViewModelTests.swift */,
				4FE5C177E3FA3BAFB7092CF5 /* PathMonitorTests.swift */,
				CD16534B767D75BABB81D242 /* PhotoDragExportTests.swift */,
				A24005987A18E578A801F215 /* PhotoGridControllerTests.swift */,
				8CF3E95C19E38AF8CB9E5E94 /* PhotoGridSectioningTests.swift */,
				26622FE9B92A0DFCF2A7EDBE /* PhotosCoreClientTests.swift */,
				E8E0A72BB4ED0B2A01AEB8A1 /* PhotoSelectionModelTests.swift */,
				7682538CE9B35D9788EECDE2 /* QuickFilterModelTests.swift */,
				54EAFFFD6B7908F1F0C558AF /* RecentlyDeletedModelTests.swift */,
				FD1B1528D3D458F8C696F52A /* RootRouterTests.swift */,
				49031F3A8BCBF65A3738930E /* SearchFilterModelTests.swift */,
				51E9C5B96AF099209E7654A2 /* SidebarItemTests.swift */,
				ED40FEE968B41906C8B464D7 /* SignOutControllerTests.swift */,
				943F182991480AA732E73857 /* SpaceToggleTests.swift */,
				61C8C541A89432E18AE11C26 /* TempCacheTests.swift */,
				C220E6EFABA5E50B72BF6CD9 /* ThumbnailCacheTests.swift */,
				E196A12DA01B778895850A5D /* WindowedDataSourceTests.swift */,
			);
			path = SynologyPhotosTests;
			sourceTree = "<group>";
		};
		0C5103877ACBC42BD5B52B00 /* SynologyPhotos */ = {
			isa = PBXGroup;
			children = (
				FF5FC30BA732D8B3CBC757EE /* RootView.swift */,
				1D65797EEE04B6F9658674A2 /* SynologyPhotosApp.swift */,
				A82E944F1D5494BE9E3E019F /* About */,
				C5F71B6145AB499F874AE82C /* Auth */,
				0D9DB11C7B3AD1E3B9E901CA /* CoreBridge */,
				EEE1C0699CB8B7E53757A150 /* Detail */,
				FA96F173072B412E93ADD9FA /* Discovery */,
				2EF4DB5D5568E1F1AF6EE124 /* Filter */,
				2224556009F95DC904618E01 /* Grid */,
				7806B3CDD7747E751B39EC57 /* Reachability */,
				C0636E0E01E33B4D7FA68CB2 /* Resources */,
				FF736B600674F0189CCF27C6 /* Search */,
				C4412ECB9AAD6982B12A9F66 /* Session */,
				53C52F9D8FA00DCBE00EB518 /* Sidebar */,
				4A61A443046BAD2F577B58C2 /* Thumbnails */,
				ABCF839A41A5B28E571B290E /* Trash */,
			);
			path = SynologyPhotos;
			sourceTree = "<group>";
		};
		0D9DB11C7B3AD1E3B9E901CA /* CoreBridge */ = {
			isa = PBXGroup;
			children = (
				775FE46E23FB2AF20B3E5442 /* CoreError+Swift.swift */,
				89AD5885314385A5C5FAA5A8 /* PhotosCoreClient.swift */,
			);
			path = CoreBridge;
			sourceTree = "<group>";
		};
		2224556009F95DC904618E01 /* Grid */ = {
			isa = PBXGroup;
			children = (
				C75D1D30931D4263736E0D6E /* DateScrubberView.swift */,
				17A82A3CFA2887C73CB1D530 /* DateSectionHeaderView.swift */,
				2C144C63E25191E61F49FD9B /* DeleteController.swift */,
				D2AA11CEC5270A0AB58CE575 /* EmptyLibraryView.swift */,
				22F97F4945A3A1716BCDBF15 /* GridDateSections.swift */,
				810D3F9B5AB534061DBC3FE1 /* GridKeyAction.swift */,
				3E449A40273884351B64A8B8 /* GridNavigation.swift */,
				99DAD0641E501BF3262C208F /* GridZoomModel.swift */,
				F24E700BE934BC17C20A127A /* ImportProgressView.swift */,
				8FE6EEC887786D958567A7A5 /* PhotoCellView.swift */,
				BBD0CABA27FF76D9A0BF054E /* PhotoDragExport.swift */,
				A9B1A20932069EDAAD2273F9 /* PhotoGridController.swift */,
				2A06C5754F8669A8D883CA53 /* PhotoGridView.swift */,
				ECC36AA88795AF34E3072A20 /* PhotoSelectionModel.swift */,
				DA8A7EB2843B1889B47AA6DA /* WindowedDataSource.swift */,
				B383D6411BB99C1A23D54C4F /* ZoomSliderView.swift */,
			);
			path = Grid;
			sourceTree = "<group>";
		};
		228732D4CA3B3EF3882899D4 /* Products */ = {
			isa = PBXGroup;
			children = (
				53B72A98A95BA7BB8F096A38 /* PhotosCore.framework */,
				7657EE2CDC6D87A89FDA33A8 /* SynologyPhotos.app */,
				31BC99794475619316AE36D9 /* SynologyPhotosTests.xctest */,
				148A77DD8DD39D08CECC497B /* SynologyPhotosUITests.xctest */,
			);
			name = Products;
			sourceTree = "<group>";
		};
		2EF4DB5D5568E1F1AF6EE124 /* Filter */ = {
			isa = PBXGroup;
			children = (
				9618494206B3D8C9C8D1DD07 /* FilterQuery.swift */,
				D3514BE05051091CC8C9EA62 /* QuickFilterBarView.swift */,
				579E3F08EF4B6D06583FC8B8 /* QuickFilterModel.swift */,
			);
			path = Filter;
			sourceTree = "<group>";
		};
		4A61A443046BAD2F577B58C2 /* Thumbnails */ = {
			isa = PBXGroup;
			children = (
				E3B5A556BC6D75D787EC6353 /* ImageDownsample.swift */,
				C5A3AD8613F314C51F3D8B05 /* ThumbnailCache.swift */,
			);
			path = Thumbnails;
			sourceTree = "<group>";
		};
		53C52F9D8FA00DCBE00EB518 /* Sidebar */ = {
			isa = PBXGroup;
			children = (
				58D01D3F06430B7D20A238E5 /* SidebarItem.swift */,
				F449EF8CA22C5A332666ABD3 /* SidebarSelection.swift */,
				F0B0A4D1B27EC5396E257724 /* SidebarView.swift */,
			);
			path = Sidebar;
			sourceTree = "<group>";
		};
		7806B3CDD7747E751B39EC57 /* Reachability */ = {
			isa = PBXGroup;
			children = (
				C4AB2048962505837D9708B9 /* PathMonitor.swift */,
			);
			path = Reachability;
			sourceTree = "<group>";
		};
		9C2A91BB50CEC84F266B5E63 /* SynologyPhotosUITests */ = {
			isa = PBXGroup;
			children = (
				19BBC4E1F7A1058D8DB5711F /* .gitkeep */,
				963BFD800ADD8A86EE152301 /* PhotosCoreLinkSmokeUITests.swift */,
			);
			path = SynologyPhotosUITests;
			sourceTree = "<group>";
		};
		A82E944F1D5494BE9E3E019F /* About */ = {
			isa = PBXGroup;
			children = (
				E83E29508146106BE572EE4E /* AboutInfo.swift */,
				E84465BAF841B56DF58EE499 /* AboutView.swift */,
			);
			path = About;
			sourceTree = "<group>";
		};
		ABCF839A41A5B28E571B290E /* Trash */ = {
			isa = PBXGroup;
			children = (
				A835170953E9904490F46983 /* RecentlyDeletedModel.swift */,
				A186D12EB472CF95DA656C88 /* RecentlyDeletedView.swift */,
			);
			path = Trash;
			sourceTree = "<group>";
		};
		AC8C890F47C1247FF5C8CC2B /* Generated */ = {
			isa = PBXGroup;
			children = (
				3C5E5DC0623F2A3A12A54D91 /* GitVersion.swift */,
				857A71F880766524090BB89F /* models.swift */,
				32261FB0D2010F3CDA46C270 /* PhotosCore.swift */,
			);
			path = Generated;
			sourceTree = "<group>";
		};
		BDCB5FD72D7D338B21DEB2D8 = {
			isa = PBXGroup;
			children = (
				AC8C890F47C1247FF5C8CC2B /* Generated */,
				0C5103877ACBC42BD5B52B00 /* SynologyPhotos */,
				00105CDAEC72D08D1B927A56 /* SynologyPhotosTests */,
				9C2A91BB50CEC84F266B5E63 /* SynologyPhotosUITests */,
				228732D4CA3B3EF3882899D4 /* Products */,
			);
			sourceTree = "<group>";
		};
		C0636E0E01E33B4D7FA68CB2 /* Resources */ = {
			isa = PBXGroup;
			children = (
				8FB877BDAFA0CCD4FB422FB8 /* Assets.xcassets */,
			);
			path = Resources;
			sourceTree = "<group>";
		};
		C4412ECB9AAD6982B12A9F66 /* Session */ = {
			isa = PBXGroup;
			children = (
				4FA765056488E7A054B60011 /* CrawlProgressModel.swift */,
				08D6B4D9A2B9E36DA1A58399 /* SignOutController.swift */,
				D47EE427A3E9626140AF79FE /* SpaceToggle.swift */,
			);
			path = Session;
			sourceTree = "<group>";
		};
		C5F71B6145AB499F874AE82C /* Auth */ = {
			isa = PBXGroup;
			children = (
				40F28C05A900845C4AD4649A /* AuthStateMachine.swift */,
				47572CC4B55567ECBC59B0AE /* CertApprovalViewModel.swift */,
				935811E0F479F10FB1C713F0 /* KeychainSID.swift */,
				804A84AD11D123A39E1E6B09 /* LoginPreferences.swift */,
				516C70ED26B5432FC290A9B0 /* LoginView.swift */,
			);
			path = Auth;
			sourceTree = "<group>";
		};
		EEE1C0699CB8B7E53757A150 /* Detail */ = {
			isa = PBXGroup;
			children = (
				CE8F23F7D2E1C87BC4C8C287 /* AssetInfoFormatter.swift */,
				BD3F831E6C476DC369349589 /* DetailKeyAction.swift */,
				BB87B9766B67892624647B7D /* DetailPagingModel.swift */,
				C1BABD02982B5D08ED3601C9 /* DetailQuickLookView.swift */,
				7054BFA3764B1896AF8A6B21 /* DetailVideoPlayerView.swift */,
				9A916BF5C0864E0825725A4A /* DetailZoomModel.swift */,
			);
			path = Detail;
			sourceTree = "<group>";
		};
		FA96F173072B412E93ADD9FA /* Discovery */ = {
			isa = PBXGroup;
			children = (
				69F68D25C32F775956648EF0 /* DiscoveryCoverCache.swift */,
				F8EC346BF2A19118203B197A /* DiscoveryTile.swift */,
				FF50C704ABAE92E624DAE426 /* DiscoveryTileGridView.swift */,
				F0B6D9E309B5E02566F5E0FE /* DiscoveryTilesModel.swift */,
			);
			path = Discovery;
			sourceTree = "<group>";
		};
		FF736B600674F0189CCF27C6 /* Search */ = {
			isa = PBXGroup;
			children = (
				EB3F99A1E3E339235D154703 /* SearchFilterBarView.swift */,
				B22C2E66F8158BA00030C7D8 /* SearchFilterModel.swift */,
			);
			path = Search;
			sourceTree = "<group>";
		};
/* End PBXGroup section */

/* Begin PBXNativeTarget section */
		146887E3C60031978D467DE4 /* SynologyPhotosTests */ = {
			isa = PBXNativeTarget;
			buildConfigurationList = 3D0F1E918551A13AD5236595 /* Build configuration list for PBXNativeTarget "SynologyPhotosTests" */;
			buildPhases = (
				72A5C6CA83AAF7D1009E8EAD /* Sources */,
				CB77206029754490C8A88D9F /* Frameworks */,
			);
			buildRules = (
			);
			dependencies = (
				AE217961677B3259B71699D2 /* PBXTargetDependency */,
				6164F94B2CE11107FFE40603 /* PBXTargetDependency */,
			);
			name = SynologyPhotosTests;
			packageProductDependencies = (
			);
			productName = SynologyPhotosTests;
			productReference = 31BC99794475619316AE36D9 /* SynologyPhotosTests.xctest */;
			productType = "com.apple.product-type.bundle.unit-test";
		};
		709E6DD897BE5E0C0C217D93 /* SynologyPhotosUITests */ = {
			isa = PBXNativeTarget;
			buildConfigurationList = F4082200A838881EBAFDDDFB /* Build configuration list for PBXNativeTarget "SynologyPhotosUITests" */;
			buildPhases = (
				8E4CAB1C1D8A32241C814DE1 /* Sources */,
				9F451AEF78634895B6BE842B /* Frameworks */,
			);
			buildRules = (
			);
			dependencies = (
				EE3C21FCCAE16554A3D7C85C /* PBXTargetDependency */,
				D8D990893FDE813E3906CC7F /* PBXTargetDependency */,
			);
			name = SynologyPhotosUITests;
			packageProductDependencies = (
			);
			productName = SynologyPhotosUITests;
			productReference = 148A77DD8DD39D08CECC497B /* SynologyPhotosUITests.xctest */;
			productType = "com.apple.product-type.bundle.ui-testing";
		};
		7F407C9B8D433D5104E6977A /* PhotosCore */ = {
			isa = PBXNativeTarget;
			buildConfigurationList = 527E9BE5BDFBD2E747956071 /* Build configuration list for PBXNativeTarget "PhotosCore" */;
			buildPhases = (
				276C10EB011ED3F7DA7EA8C6 /* Ensure PhotosCore.xcframework */,
				37CD2751B285675F9DFFDCD0 /* Sources */,
			);
			buildRules = (
			);
			dependencies = (
			);
			name = PhotosCore;
			packageProductDependencies = (
			);
			productName = PhotosCore;
			productReference = 53B72A98A95BA7BB8F096A38 /* PhotosCore.framework */;
			productType = "com.apple.product-type.framework";
		};
		BC07A7F7541E137012CC5D87 /* SynologyPhotos */ = {
			isa = PBXNativeTarget;
			buildConfigurationList = DD42724C6280FA72BBB0FFCF /* Build configuration list for PBXNativeTarget "SynologyPhotos" */;
			buildPhases = (
				D55E102E0217C80B5B2063BA /* Generate GitVersion.swift */,
				490D990DD0E07C9E2A9E0151 /* Sources */,
				AAD8340B9F4AC820FCB915C8 /* Resources */,
				81268E7672CE74519FE8BCA4 /* Frameworks */,
				82404F8488A5D6F5B8AAC51F /* Embed Frameworks */,
			);
			buildRules = (
			);
			dependencies = (
				1B26C970BA47158DA7A136DE /* PBXTargetDependency */,
			);
			name = SynologyPhotos;
			packageProductDependencies = (
			);
			productName = SynologyPhotos;
			productReference = 7657EE2CDC6D87A89FDA33A8 /* SynologyPhotos.app */;
			productType = "com.apple.product-type.application";
		};
/* End PBXNativeTarget section */

/* Begin PBXProject section */
		24B8101E6F1D4E0E8EECA08C /* Project object */ = {
			isa = PBXProject;
			attributes = {
				BuildIndependentTargetsInParallel = YES;
				LastUpgradeCheck = 1430;
				TargetAttributes = {
					146887E3C60031978D467DE4 = {
						DevelopmentTeam = 5W67TF3579;
						ProvisioningStyle = Automatic;
					};
					709E6DD897BE5E0C0C217D93 = {
						DevelopmentTeam = 5W67TF3579;
						ProvisioningStyle = Automatic;
						TestTargetID = BC07A7F7541E137012CC5D87;
					};
					7F407C9B8D433D5104E6977A = {
						DevelopmentTeam = 5W67TF3579;
						ProvisioningStyle = Automatic;
					};
					BC07A7F7541E137012CC5D87 = {
						DevelopmentTeam = 5W67TF3579;
						ProvisioningStyle = Automatic;
					};
				};
			};
			buildConfigurationList = 2FD35A998F916EF3858998BC /* Build configuration list for PBXProject "SynologyPhotos" */;
			developmentRegion = en;
			hasScannedForEncodings = 0;
			knownRegions = (
				Base,
				en,
			);
			mainGroup = BDCB5FD72D7D338B21DEB2D8;
			minimizedProjectReferenceProxies = 1;
			preferredProjectObjectVersion = 77;
			productRefGroup = 228732D4CA3B3EF3882899D4 /* Products */;
			projectDirPath = "";
			projectRoot = "";
			targets = (
				7F407C9B8D433D5104E6977A /* PhotosCore */,
				BC07A7F7541E137012CC5D87 /* SynologyPhotos */,
				146887E3C60031978D467DE4 /* SynologyPhotosTests */,
				709E6DD897BE5E0C0C217D93 /* SynologyPhotosUITests */,
			);
		};
/* End PBXProject section */

/* Begin PBXResourcesBuildPhase section */
		AAD8340B9F4AC820FCB915C8 /* Resources */ = {
			isa = PBXResourcesBuildPhase;
			buildActionMask = 2147483647;
			files = (
				A761D411E8F16EF7E0139F37 /* Assets.xcassets in Resources */,
			);
			runOnlyForDeploymentPostprocessing = 0;
		};
/* End PBXResourcesBuildPhase section */

/* Begin PBXShellScriptBuildPhase section */
		276C10EB011ED3F7DA7EA8C6 /* Ensure PhotosCore.xcframework */ = {
			isa = PBXShellScriptBuildPhase;
			buildActionMask = 2147483647;
			files = (
			);
			inputFileListPaths = (
			);
			inputPaths = (
			);
			name = "Ensure PhotosCore.xcframework";
			outputFileListPaths = (
			);
			outputPaths = (
				"$(SRCROOT)/../PhotosCore.xcframework/macos-arm64/libphotoscore.a",
			);
			runOnlyForDeploymentPostprocessing = 0;
			shellPath = /bin/bash;
			shellScript = "\"${SRCROOT}/../scripts/xcodegen/ensure-xcframework.sh\"\n";
		};
		D55E102E0217C80B5B2063BA /* Generate GitVersion.swift */ = {
			isa = PBXShellScriptBuildPhase;
			alwaysOutOfDate = 1;
			buildActionMask = 2147483647;
			files = (
			);
			inputFileListPaths = (
			);
			inputPaths = (
			);
			name = "Generate GitVersion.swift";
			outputFileListPaths = (
			);
			outputPaths = (
				"$(SRCROOT)/Generated/GitVersion.swift",
			);
			runOnlyForDeploymentPostprocessing = 0;
			shellPath = /bin/bash;
			shellScript = "\"${SRCROOT}/../scripts/xcodegen/generate-git-version.sh\" \"${SRCROOT}/Generated/GitVersion.swift\"\n";
		};
/* End PBXShellScriptBuildPhase section */

/* Begin PBXSourcesBuildPhase section */
		37CD2751B285675F9DFFDCD0 /* Sources */ = {
			isa = PBXSourcesBuildPhase;
			buildActionMask = 2147483647;
			files = (
				C55CE7B0CC7FFF07D7CCABA4 /* PhotosCore.swift in Sources */,
				81E1E0367711A5C5B9873DF9 /* models.swift in Sources */,
			);
			runOnlyForDeploymentPostprocessing = 0;
		};
		490D990DD0E07C9E2A9E0151 /* Sources */ = {
			isa = PBXSourcesBuildPhase;
			buildActionMask = 2147483647;
			files = (
				2C288FBBA6E9FC4C4E3AA300 /* AboutInfo.swift in Sources */,
				87B7884FEC6264C47145DAE7 /* AboutView.swift in Sources */,
				922C8EB11F7D863637BEC46E /* AssetInfoFormatter.swift in Sources */,
				20C709DA59D73EC4AFB5462F /* AuthStateMachine.swift in Sources */,
				8656CA2D10EC4D2F489CE3E3 /* CertApprovalViewModel.swift in Sources */,
				37C315EB053CA2E9B258A359 /* CoreError+Swift.swift in Sources */,
				5A412877FD01F2FC4261DAE0 /* CrawlProgressModel.swift in Sources */,
				868FE374C296372F1C450970 /* DateScrubberView.swift in Sources */,
				AEFC5CDDB5DA08D705AA310E /* DateSectionHeaderView.swift in Sources */,
				912C7859315AA128647C5865 /* DeleteController.swift in Sources */,
				A38AA53D0527EC725635CF7E /* DetailKeyAction.swift in Sources */,
				22F37A1CC8E27E165F8C2B8C /* DetailPagingModel.swift in Sources */,
				7F5D2228537668351F75629F /* DetailQuickLookView.swift in Sources */,
				4A9D19E4AA605E800212C508 /* DetailVideoPlayerView.swift in Sources */,
				7181F256F5EEB4EB7E34FF80 /* DetailZoomModel.swift in Sources */,
				C12297CAEF14C651DA110826 /* DiscoveryCoverCache.swift in Sources */,
				AFD9BAEB7A9F3570D0DD396E /* DiscoveryTile.swift in Sources */,
				9B7E62A39CDAD710563060AD /* DiscoveryTileGridView.swift in Sources */,
				66D97B44589E1C9E91BC69FD /* DiscoveryTilesModel.swift in Sources */,
				EA884F70294FA80457254F90 /* EmptyLibraryView.swift in Sources */,
				68B7460CEEA952C493B44CBD /* FilterQuery.swift in Sources */,
				9DAB76C72D6F90182C84CDF1 /* GitVersion.swift in Sources */,
				714748615172F164BE20D4CC /* GridDateSections.swift in Sources */,
				7D86191A02CEF2321018FFFD /* GridKeyAction.swift in Sources */,
				5B707E4A5BF50FD0E9CBBA61 /* GridNavigation.swift in Sources */,
				C3BC073AC8C193F9DA1A7DA5 /* GridZoomModel.swift in Sources */,
				E8936FC2A8E25821FDA0ED64 /* ImageDownsample.swift in Sources */,
				95D528A305471E65390D3F57 /* ImportProgressView.swift in Sources */,
				559A4CE3AE0FCE63660CB2CE /* KeychainSID.swift in Sources */,
				5E1804A43F2696A9B01C8EE4 /* LoginPreferences.swift in Sources */,
				86DB0E0DF2F5341B0064EF03 /* LoginView.swift in Sources */,
				8E6AC06CAA7CF3A875BCE82B /* PathMonitor.swift in Sources */,
				A7A72C7D31845839A0601251 /* PhotoCellView.swift in Sources */,
				4EDCB29436B762E43A9D1FD9 /* PhotoDragExport.swift in Sources */,
				721BE53CAA3551576B98CD33 /* PhotoGridController.swift in Sources */,
				B7AB89D9B89D6FA8D4BD0743 /* PhotoGridView.swift in Sources */,
				02F8DDE00661AEBACB2D9A37 /* PhotoSelectionModel.swift in Sources */,
				0020BEA65B5CB4AFECDCA917 /* PhotosCoreClient.swift in Sources */,
				D4A6E76354810B204664D364 /* QuickFilterBarView.swift in Sources */,
				AF9DE0C2B16209D160674C59 /* QuickFilterModel.swift in Sources */,
				24CB82A9BBD30EAF8C8C8221 /* RecentlyDeletedModel.swift in Sources */,
				AF9D611DD72060B0A806A94C /* RecentlyDeletedView.swift in Sources */,
				94260F0FC0643CE368E6F2FD /* RootView.swift in Sources */,
				C1CA47191C1539BD4AD6E670 /* SearchFilterBarView.swift in Sources */,
				1B1B1A0B2738D7155B94B2FD /* SearchFilterModel.swift in Sources */,
				48EFD0FE8A0BCD99422F2CC1 /* SidebarItem.swift in Sources */,
				6658C7192B890A51A6210904 /* SidebarSelection.swift in Sources */,
				D6FB7A30E06BBD83C545E601 /* SidebarView.swift in Sources */,
				A3F66FB3E9B5904B3250C547 /* SignOutController.swift in Sources */,
				CC6D77248580CE50A4C86747 /* SpaceToggle.swift in Sources */,
				0CAAE0B56C2B775746CEE2B4 /* SynologyPhotosApp.swift in Sources */,
				AA6D030A3FB6D6E1686E94AD /* ThumbnailCache.swift in Sources */,
				F6E0B0C7401716BE5DF838C4 /* WindowedDataSource.swift in Sources */,
				53B08BCA15B493B24FBEB737 /* ZoomSliderView.swift in Sources */,
			);
			runOnlyForDeploymentPostprocessing = 0;
		};
		72A5C6CA83AAF7D1009E8EAD /* Sources */ = {
			isa = PBXSourcesBuildPhase;
			buildActionMask = 2147483647;
			files = (
				577215D87E502C3BB28682C7 /* AboutInfoTests.swift in Sources */,
				F06F24C5903CADBB0E2CF0E0 /* AssetInfoFormatterTests.swift in Sources */,
				E9C3CC39D016BC571DD0B864 /* AssetTestFixture.swift in Sources */,
				BCB21063765E6F5A0842D854 /* AuthStateMachineTests.swift in Sources */,
				F3DF81EDC7A33D114986BE0D /* CoreBridgeSmokeTests.swift in Sources */,
				A263DC9AA52F72AAD703B803 /* CrawlProgressModelTests.swift in Sources */,
				97A47CF001D87D84F8F7C2AE /* DateSectionFormatterTests.swift in Sources */,
				C72304EA5C01DEDC6BF2188D /* DeleteControllerTests.swift in Sources */,
				32EB71DB136A38F404D21F6E /* DetailKeyActionTests.swift in Sources */,
				45E5DCBBDF63BFFA1A2F186F /* DetailPagingModelTests.swift in Sources */,
				EE3AE0B10B309928F5FD360F /* DetailVideoPlayerViewTests.swift in Sources */,
				A1EB8E595E96192495218215 /* DetailZoomModelTests.swift in Sources */,
				E8F637EAF875CC7E53D219B4 /* DiscoveryTileTests.swift in Sources */,
				B4C757FA589B8EF1BAA728BA /* DiscoveryTilesModelTests.swift in Sources */,
				24D0A816AC4835369675B6A2 /* FakePhotosCore.swift in Sources */,
				7A1544430BEC8AB2DB36D464 /* FakePhotosCoreTests.swift in Sources */,
				F5A96C3F7F659B66F7DE3911 /* GridDateSectionsTests.swift in Sources */,
				34BAA55F3126C5D0B2B7289C /* GridKeyActionTests.swift in Sources */,
				49342E84F94410F6FF29C43D /* GridZoomModelTests.swift in Sources */,
				4A102FE0D8B5ED56831E327C /* ImageDownsampleTests.swift in Sources */,
				A7516BBFB26FE8A4BB8E7C71 /* KeychainSIDTests.swift in Sources */,
				14BEA273EB20B88ABCF7B18D /* LoginViewModelTests.swift in Sources */,
				18CECECE9EEAB167F3D61DBF /* PathMonitorTests.swift in Sources */,
				18A20A3A03F424DFAA8EECAE /* PhotoDragExportTests.swift in Sources */,
				55C7B0D64234966CC0AD8971 /* PhotoGridControllerTests.swift in Sources */,
				D05DC7233D5407CBDFBEF995 /* PhotoGridSectioningTests.swift in Sources */,
				0825F1C50486990199C76C50 /* PhotoSelectionModelTests.swift in Sources */,
				2BBAB8C2D95BF845B1E8691F /* PhotosCoreClientTests.swift in Sources */,
				3AF5BE0D11F2F560F38D7AA8 /* QuickFilterModelTests.swift in Sources */,
				1B9C503B1691E76C75F5AE70 /* RecentlyDeletedModelTests.swift in Sources */,
				9EC064131BB27458E2DFD5FE /* RootRouterTests.swift in Sources */,
				529EB56C301B014E76FA7CEE /* SearchFilterModelTests.swift in Sources */,
				7435135F98987C66EF634068 /* SidebarItemTests.swift in Sources */,
				8564012B2713C3D67FBAE433 /* SignOutControllerTests.swift in Sources */,
				F96DBEA44C5C1026B35AA13B /* SpaceToggleTests.swift in Sources */,
				CCADB18E2CA7EEE7B9375C23 /* TempCacheTests.swift in Sources */,
				A0336627776762D4B7072519 /* ThumbnailCacheTests.swift in Sources */,
				61CC623CDC49327F80B4350D /* WindowedDataSourceTests.swift in Sources */,
			);
			runOnlyForDeploymentPostprocessing = 0;
		};
		8E4CAB1C1D8A32241C814DE1 /* Sources */ = {
			isa = PBXSourcesBuildPhase;
			buildActionMask = 2147483647;
			files = (
				B134008E092B23F8AAF88C33 /* PhotosCoreLinkSmokeUITests.swift in Sources */,
			);
			runOnlyForDeploymentPostprocessing = 0;
		};
/* End PBXSourcesBuildPhase section */

/* Begin PBXTargetDependency section */
		1B26C970BA47158DA7A136DE /* PBXTargetDependency */ = {
			isa = PBXTargetDependency;
			target = 7F407C9B8D433D5104E6977A /* PhotosCore */;
			targetProxy = CE34357C8D57C010D692EE63 /* PBXContainerItemProxy */;
		};
		6164F94B2CE11107FFE40603 /* PBXTargetDependency */ = {
			isa = PBXTargetDependency;
			target = 7F407C9B8D433D5104E6977A /* PhotosCore */;
			targetProxy = 6D05C10D0C06F4D9A859CF63 /* PBXContainerItemProxy */;
		};
		AE217961677B3259B71699D2 /* PBXTargetDependency */ = {
			isa = PBXTargetDependency;
			target = BC07A7F7541E137012CC5D87 /* SynologyPhotos */;
			targetProxy = 04AE6FE6D8AB4DA6A4C1D2B1 /* PBXContainerItemProxy */;
		};
		D8D990893FDE813E3906CC7F /* PBXTargetDependency */ = {
			isa = PBXTargetDependency;
			target = 7F407C9B8D433D5104E6977A /* PhotosCore */;
			targetProxy = A34BA4AC952102BE56A1E970 /* PBXContainerItemProxy */;
		};
		EE3C21FCCAE16554A3D7C85C /* PBXTargetDependency */ = {
			isa = PBXTargetDependency;
			target = BC07A7F7541E137012CC5D87 /* SynologyPhotos */;
			targetProxy = 81B70C62B8212A93CE572D80 /* PBXContainerItemProxy */;
		};
/* End PBXTargetDependency section */

/* Begin XCBuildConfiguration section */
		1372EB0856DBB6BCAA7A432C /* Debug */ = {
			isa = XCBuildConfiguration;
			buildSettings = {
				BUILD_LIBRARY_FOR_DISTRIBUTION = NO;
				CODE_SIGN_IDENTITY = "";
				COMBINE_HIDPI_IMAGES = YES;
				CURRENT_PROJECT_VERSION = 1;
				DEFINES_MODULE = YES;
				DYLIB_COMPATIBILITY_VERSION = 1;
				DYLIB_CURRENT_VERSION = 1;
				DYLIB_INSTALL_NAME_BASE = "@rpath";
				GENERATE_INFOPLIST_FILE = YES;
				HEADER_SEARCH_PATHS = "$(SRCROOT)/../PhotosCore.xcframework/macos-arm64/Headers";
				INSTALL_PATH = "$(LOCAL_LIBRARY_DIR)/Frameworks";
				LD_RUNPATH_SEARCH_PATHS = (
					"$(inherited)",
					"@executable_path/../Frameworks",
				);
				LIBRARY_SEARCH_PATHS = "$(SRCROOT)/../PhotosCore.xcframework/macos-arm64";
				MARKETING_VERSION = 1.0;
				OTHER_LDFLAGS = (
					"-lphotoscore",
					"-lc++",
				);
				PRODUCT_BUNDLE_IDENTIFIER = se.agnihotri.PhotosCore;
				PRODUCT_MODULE_NAME = PhotosCore;
				PRODUCT_NAME = PhotosCore;
				SDKROOT = macosx;
				SKIP_INSTALL = NO;
				SWIFT_VERSION = 5.0;
				VERSIONING_SYSTEM = "apple-generic";
			};
			name = Debug;
		};
		2D22208C535C48F76B70185B /* Release */ = {
			isa = XCBuildConfiguration;
			buildSettings = {
				BUNDLE_LOADER = "$(TEST_HOST)";
				COMBINE_HIDPI_IMAGES = YES;
				GENERATE_INFOPLIST_FILE = YES;
				HEADER_SEARCH_PATHS = "$(SRCROOT)/../PhotosCore.xcframework/macos-arm64/Headers";
				LD_RUNPATH_SEARCH_PATHS = (
					"$(inherited)",
					"@executable_path/../Frameworks",
					"@loader_path/../Frameworks",
				);
				PRODUCT_BUNDLE_IDENTIFIER = se.agnihotri.SynologyPhotosTests;
				SDKROOT = macosx;
				TEST_HOST = "$(BUILT_PRODUCTS_DIR)/SynologyPhotos.app/Contents/MacOS/SynologyPhotos";
			};
			name = Release;
		};
		67374489E2E24B24C0441D33 /* Release */ = {
			isa = XCBuildConfiguration;
			buildSettings = {
				BUILD_LIBRARY_FOR_DISTRIBUTION = NO;
				CODE_SIGN_IDENTITY = "";
				COMBINE_HIDPI_IMAGES = YES;
				CURRENT_PROJECT_VERSION = 1;
				DEFINES_MODULE = YES;
				DYLIB_COMPATIBILITY_VERSION = 1;
				DYLIB_CURRENT_VERSION = 1;
				DYLIB_INSTALL_NAME_BASE = "@rpath";
				GENERATE_INFOPLIST_FILE = YES;
				HEADER_SEARCH_PATHS = "$(SRCROOT)/../PhotosCore.xcframework/macos-arm64/Headers";
				INSTALL_PATH = "$(LOCAL_LIBRARY_DIR)/Frameworks";
				LD_RUNPATH_SEARCH_PATHS = (
					"$(inherited)",
					"@executable_path/../Frameworks",
				);
				LIBRARY_SEARCH_PATHS = "$(SRCROOT)/../PhotosCore.xcframework/macos-arm64";
				MARKETING_VERSION = 1.0;
				OTHER_LDFLAGS = (
					"-lphotoscore",
					"-lc++",
				);
				PRODUCT_BUNDLE_IDENTIFIER = se.agnihotri.PhotosCore;
				PRODUCT_MODULE_NAME = PhotosCore;
				PRODUCT_NAME = PhotosCore;
				SDKROOT = macosx;
				SKIP_INSTALL = NO;
				SWIFT_VERSION = 5.0;
				VERSIONING_SYSTEM = "apple-generic";
			};
			name = Release;
		};
		9B1A12ABB60FC9917B646DEA /* Debug */ = {
			isa = XCBuildConfiguration;
			buildSettings = {
				ALWAYS_SEARCH_USER_PATHS = NO;
				ARCHS = arm64;
				CLANG_ANALYZER_NONNULL = YES;
				CLANG_ANALYZER_NUMBER_OBJECT_CONVERSION = YES_AGGRESSIVE;
				CLANG_CXX_LANGUAGE_STANDARD = "gnu++14";
				CLANG_CXX_LIBRARY = "libc++";
				CLANG_ENABLE_MODULES = YES;
				CLANG_ENABLE_OBJC_ARC = YES;
				CLANG_ENABLE_OBJC_WEAK = YES;
				CLANG_WARN_BLOCK_CAPTURE_AUTORELEASING = YES;
				CLANG_WARN_BOOL_CONVERSION = YES;
				CLANG_WARN_COMMA = YES;
				CLANG_WARN_CONSTANT_CONVERSION = YES;
				CLANG_WARN_DEPRECATED_OBJC_IMPLEMENTATIONS = YES;
				CLANG_WARN_DIRECT_OBJC_ISA_USAGE = YES_ERROR;
				CLANG_WARN_DOCUMENTATION_COMMENTS = YES;
				CLANG_WARN_EMPTY_BODY = YES;
				CLANG_WARN_ENUM_CONVERSION = YES;
				CLANG_WARN_INFINITE_RECURSION = YES;
				CLANG_WARN_INT_CONVERSION = YES;
				CLANG_WARN_NON_LITERAL_NULL_CONVERSION = YES;
				CLANG_WARN_OBJC_IMPLICIT_RETAIN_SELF = YES;
				CLANG_WARN_OBJC_LITERAL_CONVERSION = YES;
				CLANG_WARN_OBJC_ROOT_CLASS = YES_ERROR;
				CLANG_WARN_QUOTED_INCLUDE_IN_FRAMEWORK_HEADER = YES;
				CLANG_WARN_RANGE_LOOP_ANALYSIS = YES;
				CLANG_WARN_STRICT_PROTOTYPES = YES;
				CLANG_WARN_SUSPICIOUS_MOVE = YES;
				CLANG_WARN_UNGUARDED_AVAILABILITY = YES_AGGRESSIVE;
				CLANG_WARN_UNREACHABLE_CODE = YES;
				CLANG_WARN__DUPLICATE_METHOD_MATCH = YES;
				CODE_SIGN_IDENTITY = "Apple Development";
				CODE_SIGN_STYLE = Automatic;
				COPY_PHASE_STRIP = NO;
				DEBUG_INFORMATION_FORMAT = dwarf;
				DEVELOPMENT_TEAM = 5W67TF3579;
				ENABLE_STRICT_OBJC_MSGSEND = YES;
				ENABLE_TESTABILITY = YES;
				GCC_C_LANGUAGE_STANDARD = gnu11;
				GCC_DYNAMIC_NO_PIC = NO;
				GCC_NO_COMMON_BLOCKS = YES;
				GCC_OPTIMIZATION_LEVEL = 0;
				GCC_PREPROCESSOR_DEFINITIONS = (
					"$(inherited)",
					"DEBUG=1",
				);
				GCC_WARN_64_TO_32_BIT_CONVERSION = YES;
				GCC_WARN_ABOUT_RETURN_TYPE = YES_ERROR;
				GCC_WARN_UNDECLARED_SELECTOR = YES;
				GCC_WARN_UNINITIALIZED_AUTOS = YES_AGGRESSIVE;
				GCC_WARN_UNUSED_FUNCTION = YES;
				GCC_WARN_UNUSED_VARIABLE = YES;
				MACOSX_DEPLOYMENT_TARGET = 26.0;
				MTL_ENABLE_DEBUG_INFO = INCLUDE_SOURCE;
				MTL_FAST_MATH = YES;
				ONLY_ACTIVE_ARCH = YES;
				OTHER_LDFLAGS = (
					"-lc++",
				);
				PRODUCT_NAME = "$(TARGET_NAME)";
				SDKROOT = macosx;
				SWIFT_ACTIVE_COMPILATION_CONDITIONS = DEBUG;
				SWIFT_OPTIMIZATION_LEVEL = "-Onone";
				SWIFT_STRICT_CONCURRENCY = minimal;
				SWIFT_VERSION = 5.0;
			};
			name = Debug;
		};
		9DA1CF7F93C6394F8AD496A6 /* Debug */ = {
			isa = XCBuildConfiguration;
			buildSettings = {
				BUNDLE_LOADER = "$(TEST_HOST)";
				COMBINE_HIDPI_IMAGES = YES;
				GENERATE_INFOPLIST_FILE = YES;
				HEADER_SEARCH_PATHS = "$(SRCROOT)/../PhotosCore.xcframework/macos-arm64/Headers";
				LD_RUNPATH_SEARCH_PATHS = (
					"$(inherited)",
					"@executable_path/../Frameworks",
					"@loader_path/../Frameworks",
				);
				PRODUCT_BUNDLE_IDENTIFIER = se.agnihotri.SynologyPhotosTests;
				SDKROOT = macosx;
				TEST_HOST = "$(BUILT_PRODUCTS_DIR)/SynologyPhotos.app/Contents/MacOS/SynologyPhotos";
			};
			name = Debug;
		};
		AB8CCABA53211152CBA8F2A9 /* Release */ = {
			isa = XCBuildConfiguration;
			buildSettings = {
				BUNDLE_LOADER = "$(TEST_HOST)";
				COMBINE_HIDPI_IMAGES = YES;
				GENERATE_INFOPLIST_FILE = YES;
				HEADER_SEARCH_PATHS = "$(SRCROOT)/../PhotosCore.xcframework/macos-arm64/Headers";
				LD_RUNPATH_SEARCH_PATHS = (
					"$(inherited)",
					"@executable_path/Frameworks",
					"@loader_path/Frameworks",
				);
				PRODUCT_BUNDLE_IDENTIFIER = se.agnihotri.SynologyPhotosUITests;
				SDKROOT = macosx;
				TEST_TARGET_NAME = SynologyPhotos;
			};
			name = Release;
		};
		AF08FB8A11EB0DF59959451E /* Debug */ = {
			isa = XCBuildConfiguration;
			buildSettings = {
				BUNDLE_LOADER = "$(TEST_HOST)";
				COMBINE_HIDPI_IMAGES = YES;
				GENERATE_INFOPLIST_FILE = YES;
				HEADER_SEARCH_PATHS = "$(SRCROOT)/../PhotosCore.xcframework/macos-arm64/Headers";
				LD_RUNPATH_SEARCH_PATHS = (
					"$(inherited)",
					"@executable_path/Frameworks",
					"@loader_path/Frameworks",
				);
				PRODUCT_BUNDLE_IDENTIFIER = se.agnihotri.SynologyPhotosUITests;
				SDKROOT = macosx;
				TEST_TARGET_NAME = SynologyPhotos;
			};
			name = Debug;
		};
		BF29105CDC9F8E1303943EC0 /* Release */ = {
			isa = XCBuildConfiguration;
			buildSettings = {
				ASSETCATALOG_COMPILER_APPICON_NAME = AppIcon;
				CODE_SIGN_IDENTITY = "Apple Development";
				CODE_SIGN_STYLE = Automatic;
				COMBINE_HIDPI_IMAGES = YES;
				CURRENT_PROJECT_VERSION = 1;
				DEVELOPMENT_TEAM = 5W67TF3579;
				ENABLE_HARDENED_RUNTIME = YES;
				GENERATE_INFOPLIST_FILE = YES;
				HEADER_SEARCH_PATHS = "$(SRCROOT)/../PhotosCore.xcframework/macos-arm64/Headers";
				INFOPLIST_KEY_NSHumanReadableCopyright = "";
				LD_RUNPATH_SEARCH_PATHS = (
					"$(inherited)",
					"@executable_path/../Frameworks",
				);
				MARKETING_VERSION = 1.0;
				PRODUCT_BUNDLE_IDENTIFIER = se.agnihotri.synologyphotos;
				SDKROOT = macosx;
			};
			name = Release;
		};
		E9014DF16250D6950A03121F /* Debug */ = {
			isa = XCBuildConfiguration;
			buildSettings = {
				ASSETCATALOG_COMPILER_APPICON_NAME = AppIcon;
				CODE_SIGN_IDENTITY = "Apple Development";
				CODE_SIGN_STYLE = Automatic;
				COMBINE_HIDPI_IMAGES = YES;
				CURRENT_PROJECT_VERSION = 1;
				DEVELOPMENT_TEAM = 5W67TF3579;
				ENABLE_HARDENED_RUNTIME = YES;
				GENERATE_INFOPLIST_FILE = YES;
				HEADER_SEARCH_PATHS = "$(SRCROOT)/../PhotosCore.xcframework/macos-arm64/Headers";
				INFOPLIST_KEY_NSHumanReadableCopyright = "";
				LD_RUNPATH_SEARCH_PATHS = (
					"$(inherited)",
					"@executable_path/../Frameworks",
				);
				MARKETING_VERSION = 1.0;
				PRODUCT_BUNDLE_IDENTIFIER = se.agnihotri.synologyphotos;
				SDKROOT = macosx;
			};
			name = Debug;
		};
		F32BEFB11E3BFD309FC4EC12 /* Release */ = {
			isa = XCBuildConfiguration;
			buildSettings = {
				ALWAYS_SEARCH_USER_PATHS = NO;
				ARCHS = arm64;
				CLANG_ANALYZER_NONNULL = YES;
				CLANG_ANALYZER_NUMBER_OBJECT_CONVERSION = YES_AGGRESSIVE;
				CLANG_CXX_LANGUAGE_STANDARD = "gnu++14";
				CLANG_CXX_LIBRARY = "libc++";
				CLANG_ENABLE_MODULES = YES;
				CLANG_ENABLE_OBJC_ARC = YES;
				CLANG_ENABLE_OBJC_WEAK = YES;
				CLANG_WARN_BLOCK_CAPTURE_AUTORELEASING = YES;
				CLANG_WARN_BOOL_CONVERSION = YES;
				CLANG_WARN_COMMA = YES;
				CLANG_WARN_CONSTANT_CONVERSION = YES;
				CLANG_WARN_DEPRECATED_OBJC_IMPLEMENTATIONS = YES;
				CLANG_WARN_DIRECT_OBJC_ISA_USAGE = YES_ERROR;
				CLANG_WARN_DOCUMENTATION_COMMENTS = YES;
				CLANG_WARN_EMPTY_BODY = YES;
				CLANG_WARN_ENUM_CONVERSION = YES;
				CLANG_WARN_INFINITE_RECURSION = YES;
				CLANG_WARN_INT_CONVERSION = YES;
				CLANG_WARN_NON_LITERAL_NULL_CONVERSION = YES;
				CLANG_WARN_OBJC_IMPLICIT_RETAIN_SELF = YES;
				CLANG_WARN_OBJC_LITERAL_CONVERSION = YES;
				CLANG_WARN_OBJC_ROOT_CLASS = YES_ERROR;
				CLANG_WARN_QUOTED_INCLUDE_IN_FRAMEWORK_HEADER = YES;
				CLANG_WARN_RANGE_LOOP_ANALYSIS = YES;
				CLANG_WARN_STRICT_PROTOTYPES = YES;
				CLANG_WARN_SUSPICIOUS_MOVE = YES;
				CLANG_WARN_UNGUARDED_AVAILABILITY = YES_AGGRESSIVE;
				CLANG_WARN_UNREACHABLE_CODE = YES;
				CLANG_WARN__DUPLICATE_METHOD_MATCH = YES;
				CODE_SIGN_IDENTITY = "Apple Development";
				CODE_SIGN_STYLE = Automatic;
				COPY_PHASE_STRIP = NO;
				DEBUG_INFORMATION_FORMAT = "dwarf-with-dsym";
				DEVELOPMENT_TEAM = 5W67TF3579;
				ENABLE_NS_ASSERTIONS = NO;
				ENABLE_STRICT_OBJC_MSGSEND = YES;
				GCC_C_LANGUAGE_STANDARD = gnu11;
				GCC_NO_COMMON_BLOCKS = YES;
				GCC_WARN_64_TO_32_BIT_CONVERSION = YES;
				GCC_WARN_ABOUT_RETURN_TYPE = YES_ERROR;
				GCC_WARN_UNDECLARED_SELECTOR = YES;
				GCC_WARN_UNINITIALIZED_AUTOS = YES_AGGRESSIVE;
				GCC_WARN_UNUSED_FUNCTION = YES;
				GCC_WARN_UNUSED_VARIABLE = YES;
				MACOSX_DEPLOYMENT_TARGET = 26.0;
				MTL_ENABLE_DEBUG_INFO = NO;
				MTL_FAST_MATH = YES;
				ONLY_ACTIVE_ARCH = YES;
				OTHER_LDFLAGS = (
					"-lc++",
				);
				PRODUCT_NAME = "$(TARGET_NAME)";
				SDKROOT = macosx;
				SWIFT_COMPILATION_MODE = wholemodule;
				SWIFT_OPTIMIZATION_LEVEL = "-O";
				SWIFT_STRICT_CONCURRENCY = minimal;
				SWIFT_VERSION = 5.0;
			};
			name = Release;
		};
/* End XCBuildConfiguration section */

/* Begin XCConfigurationList section */
		2FD35A998F916EF3858998BC /* Build configuration list for PBXProject "SynologyPhotos" */ = {
			isa = XCConfigurationList;
			buildConfigurations = (
				9B1A12ABB60FC9917B646DEA /* Debug */,
				F32BEFB11E3BFD309FC4EC12 /* Release */,
			);
			defaultConfigurationIsVisible = 0;
			defaultConfigurationName = Debug;
		};
		3D0F1E918551A13AD5236595 /* Build configuration list for PBXNativeTarget "SynologyPhotosTests" */ = {
			isa = XCConfigurationList;
			buildConfigurations = (
				9DA1CF7F93C6394F8AD496A6 /* Debug */,
				2D22208C535C48F76B70185B /* Release */,
			);
			defaultConfigurationIsVisible = 0;
			defaultConfigurationName = Debug;
		};
		527E9BE5BDFBD2E747956071 /* Build configuration list for PBXNativeTarget "PhotosCore" */ = {
			isa = XCConfigurationList;
			buildConfigurations = (
				1372EB0856DBB6BCAA7A432C /* Debug */,
				67374489E2E24B24C0441D33 /* Release */,
			);
			defaultConfigurationIsVisible = 0;
			defaultConfigurationName = Debug;
		};
		DD42724C6280FA72BBB0FFCF /* Build configuration list for PBXNativeTarget "SynologyPhotos" */ = {
			isa = XCConfigurationList;
			buildConfigurations = (
				E9014DF16250D6950A03121F /* Debug */,
				BF29105CDC9F8E1303943EC0 /* Release */,
			);
			defaultConfigurationIsVisible = 0;
			defaultConfigurationName = Debug;
		};
		F4082200A838881EBAFDDDFB /* Build configuration list for PBXNativeTarget "SynologyPhotosUITests" */ = {
			isa = XCConfigurationList;
			buildConfigurations = (
				AF08FB8A11EB0DF59959451E /* Debug */,
				AB8CCABA53211152CBA8F2A9 /* Release */,
			);
			defaultConfigurationIsVisible = 0;
			defaultConfigurationName = Debug;
		};
/* End XCConfigurationList section */
	};
	rootObject = 24B8101E6F1D4E0E8EECA08C /* Project object */;
}
